
Microsoft Visual Studio Solution File, Format Version 12.00
# Visual Studio Version 17
VisualStudioVersion = 17.13.35818.85 d17.13
MinimumVisualStudioVersion = 10.0.40219.1
Project("{FAE04EC0-301F-11D3-BF4B-00C04F79EFBC}") = "Demo", "Demo\Demo.csproj", "{1C0CC4F2-276C-4C02-B668-127A0D762477}"
EndProject
Project("{FAE04EC0-301F-11D3-BF4B-00C04F79EFBC}") = "Assignment", "Assignment\Assignment.csproj", "{4FBFA9F7-1565-42EB-A842-06B70457DC08}"
EndProject
Global
	GlobalSection(SolutionConfigurationPlatforms) = preSolution
		Debug|Any CPU = Debug|Any CPU
		Release|Any CPU = Release|Any CPU
	EndGlobalSection
	GlobalSection(ProjectConfigurationPlatforms) = postSolution
		{1C0CC4F2-276C-4C02-B668-127A0D762477}.Debug|Any CPU.ActiveCfg = Debug|Any CPU
		{1C0CC4F2-276C-4C02-B668-127A0D762477}.Debug|Any CPU.Build.0 = Debug|Any CPU
		{1C0CC4F2-276C-4C02-B668-127A0D762477}.Release|Any CPU.ActiveCfg = Release|Any CPU
		{1C0CC4F2-276C-4C02-B668-127A0D762477}.Release|Any CPU.Build.0 = Release|Any CPU
		{4FBFA9F7-1565-42EB-A842-06B70457DC08}.Debug|Any CPU.ActiveCfg = Debug|Any CPU
		{4FBFA9F7-1565-42EB-A842-06B70457DC08}.Debug|Any CPU.Build.0 = Debug|Any CPU
		{4FBFA9F7-1565-42EB-A842-06B70457DC08}.Release|Any CPU.ActiveCfg = Release|Any CPU
		{4FBFA9F7-1565-42EB-A842-06B70457DC08}.Release|Any CPU.Build.0 = Release|Any CPU
	EndGlobalSection
	GlobalSection(SolutionProperties) = preSolution
		HideSolutionNode = FALSE
	EndGlobalSection
	GlobalSection(ExtensibilityGlobals) = postSolution
		SolutionGuid = {94273959-54BF-4641-89DC-AB18097C148A}
	EndGlobalSection
EndGlobal
